
Microsoft Visual Studio Solution File, Format Version 12.00
# Visual Studio Version 17
VisualStudioVersion = 17.4.33103.184
MinimumVisualStudioVersion = 10.0.40219.1
Project("{9A19103F-16F7-4668-BE54-9A1E7A4F7556}") = "Fashion-Web", "Fashion-Web\Fashion-Web.csproj", "{1C89AC0F-8958-4DAF-B11E-BD6F1D5F965A}"
EndProject
Project("{9A19103F-16F7-4668-BE54-9A1E7A4F7556}") = "Fashion-Admin", "Fashion-Admin\Fashion-Admin.csproj", "{7BD04D6E-78A7-4075-BDDE-2744B726D4B6}"
EndProject
Project("{9A19103F-16F7-4668-BE54-9A1E7A4F7556}") = "Fashion-Model", "Fashion-Model\Fashion-Model.csproj", "{003B394F-AA66-4343-B936-61AD223AD2B8}"
EndProject
Project("{FAE04EC0-301F-11D3-BF4B-00C04F79EFBC}") = "Fashion-Infrastructure", "Fashion-Infrastructure\Fashion-Infrastructure.csproj", "{163D5E1D-6E93-49FE-A0D3-88614E6A5ED3}"
EndProject
Global
	GlobalSection(SolutionConfigurationPlatforms) = preSolution
		Debug|Any CPU = Debug|Any CPU
		Release|Any CPU = Release|Any CPU
	EndGlobalSection
	GlobalSection(ProjectConfigurationPlatforms) = postSolution
		{1C89AC0F-8958-4DAF-B11E-BD6F1D5F965A}.Debug|Any CPU.ActiveCfg = Debug|Any CPU
		{1C89AC0F-8958-4DAF-B11E-BD6F1D5F965A}.Debug|Any CPU.Build.0 = Debug|Any CPU
		{1C89AC0F-8958-4DAF-B11E-BD6F1D5F965A}.Release|Any CPU.ActiveCfg = Release|Any CPU
		{1C89AC0F-8958-4DAF-B11E-BD6F1D5F965A}.Release|Any CPU.Build.0 = Release|Any CPU
		{7BD04D6E-78A7-4075-BDDE-2744B726D4B6}.Debug|Any CPU.ActiveCfg = Debug|Any CPU
		{7BD04D6E-78A7-4075-BDDE-2744B726D4B6}.Debug|Any CPU.Build.0 = Debug|Any CPU
		{7BD04D6E-78A7-4075-BDDE-2744B726D4B6}.Release|Any CPU.ActiveCfg = Release|Any CPU
		{7BD04D6E-78A7-4075-BDDE-2744B726D4B6}.Release|Any CPU.Build.0 = Release|Any CPU
		{003B394F-AA66-4343-B936-61AD223AD2B8}.Debug|Any CPU.ActiveCfg = Debug|Any CPU
		{003B394F-AA66-4343-B936-61AD223AD2B8}.Debug|Any CPU.Build.0 = Debug|Any CPU
		{003B394F-AA66-4343-B936-61AD223AD2B8}.Release|Any CPU.ActiveCfg = Release|Any CPU
		{003B394F-AA66-4343-B936-61AD223AD2B8}.Release|Any CPU.Build.0 = Release|Any CPU
		{163D5E1D-6E93-49FE-A0D3-88614E6A5ED3}.Debug|Any CPU.ActiveCfg = Debug|Any CPU
		{163D5E1D-6E93-49FE-A0D3-88614E6A5ED3}.Debug|Any CPU.Build.0 = Debug|Any CPU
		{163D5E1D-6E93-49FE-A0D3-88614E6A5ED3}.Release|Any CPU.ActiveCfg = Release|Any CPU
		{163D5E1D-6E93-49FE-A0D3-88614E6A5ED3}.Release|Any CPU.Build.0 = Release|Any CPU
	EndGlobalSection
	GlobalSection(SolutionProperties) = preSolution
		HideSolutionNode = FALSE
	EndGlobalSection
	GlobalSection(ExtensibilityGlobals) = postSolution
		SolutionGuid = {EAB5276B-B26D-4B66-BC28-189430E7937A}
	EndGlobalSection
EndGlobal
