
Microsoft Visual Studio Solution File, Format Version 12.00
# Visual Studio Version 17
VisualStudioVersion = 17.4.33103.184
MinimumVisualStudioVersion = 10.0.40219.1
Project("{9A19103F-16F7-4668-BE54-9A1E7A4F7556}") = "Fashion-Web", "Fashion-Web\Fashion-Web.csproj", "{1C89AC0F-8958-4DAF-B11E-BD6F1D5F965A}"
EndProject
Project("{9A19103F-16F7-4668-BE54-9A1E7A4F7556}") = "Fashion-Infrastructure", "Fashion-Infrastructure\Fashion-Infrastructure.csproj", "{163D5E1D-6E93-49FE-A0D3-88614E6A5ED3}"
EndProject
Project("{9A19103F-16F7-4668-BE54-9A1E7A4F7556}") = "Fashion-Admin", "Fashion-Admin\Fashion-Admin.csproj", "{2CFC43B1-48B0-4B27-AEE0-478F368CFDB2}"
EndProject
Global
	GlobalSection(SolutionConfigurationPlatforms) = preSolution
		Debug|Any CPU = Debug|Any CPU
		Release|Any CPU = Release|Any CPU
	EndGlobalSection
	GlobalSection(ProjectConfigurationPlatforms) = postSolution
		{1C89AC0F-8958-4DAF-B11E-BD6F1D5F965A}.Debug|Any CPU.ActiveCfg = Debug|Any CPU
		{1C89AC0F-8958-4DAF-B11E-BD6F1D5F965A}.Debug|Any CPU.Build.0 = Debug|Any CPU
		{1C89AC0F-8958-4DAF-B11E-BD6F1D5F965A}.Release|Any CPU.ActiveCfg = Release|Any CPU
		{1C89AC0F-8958-4DAF-B11E-BD6F1D5F965A}.Release|Any CPU.Build.0 = Release|Any CPU
		{163D5E1D-6E93-49FE-A0D3-88614E6A5ED3}.Debug|Any CPU.ActiveCfg = Debug|Any CPU
		{163D5E1D-6E93-49FE-A0D3-88614E6A5ED3}.Debug|Any CPU.Build.0 = Debug|Any CPU
		{163D5E1D-6E93-49FE-A0D3-88614E6A5ED3}.Release|Any CPU.ActiveCfg = Release|Any CPU
		{163D5E1D-6E93-49FE-A0D3-88614E6A5ED3}.Release|Any CPU.Build.0 = Release|Any CPU
		{2CFC43B1-48B0-4B27-AEE0-478F368CFDB2}.Debug|Any CPU.ActiveCfg = Debug|Any CPU
		{2CFC43B1-48B0-4B27-AEE0-478F368CFDB2}.Debug|Any CPU.Build.0 = Debug|Any CPU
		{2CFC43B1-48B0-4B27-AEE0-478F368CFDB2}.Release|Any CPU.ActiveCfg = Release|Any CPU
		{2CFC43B1-48B0-4B27-AEE0-478F368CFDB2}.Release|Any CPU.Build.0 = Release|Any CPU
	EndGlobalSection
	GlobalSection(SolutionProperties) = preSolution
		HideSolutionNode = FALSE
	EndGlobalSection
	GlobalSection(ExtensibilityGlobals) = postSolution
		SolutionGuid = {EAB5276B-B26D-4B66-BC28-189430E7937A}
	EndGlobalSection
EndGlobal
